
Microsoft Visual Studio Solution File, Format Version 12.00
# Visual Studio Version 17
VisualStudioVersion = 17.8.34330.188
MinimumVisualStudioVersion = 10.0.40219.1
Project("{FAE04EC0-301F-11D3-BF4B-00C04F79EFBC}") = "CardCalculator", "CardCalculator\CardCalculator.csproj", "{1D168F53-FD20-4534-A4AA-10EDA164DB51}"
EndProject
Global
	GlobalSection(SolutionConfigurationPlatforms) = preSolution
		Debug|Any CPU = Debug|Any CPU
		Release|Any CPU = Release|Any CPU
	EndGlobalSection
	GlobalSection(ProjectConfigurationPlatforms) = postSolution
		{1D168F53-FD20-4534-A4AA-10EDA164DB51}.Debug|Any CPU.ActiveCfg = Debug|Any CPU
		{1D168F53-FD20-4534-A4AA-10EDA164DB51}.Debug|Any CPU.Build.0 = Debug|Any CPU
		{1D168F53-FD20-4534-A4AA-10EDA164DB51}.Release|Any CPU.ActiveCfg = Release|Any CPU
		{1D168F53-FD20-4534-A4AA-10EDA164DB51}.Release|Any CPU.Build.0 = Release|Any CPU
	EndGlobalSection
	GlobalSection(SolutionProperties) = preSolution
		HideSolutionNode = FALSE
	EndGlobalSection
	GlobalSection(ExtensibilityGlobals) = postSolution
		SolutionGuid = {D37D95C8-324C-4EE7-B3E0-D0C76410022D}
	EndGlobalSection
EndGlobal
